
Microsoft Visual Studio Solution File, Format Version 12.00
# Visual Studio 15
VisualStudioVersion = 15.0.28010.2036
MinimumVisualStudioVersion = 10.0.40219.1
Project("{FAE04EC0-301F-11D3-BF4B-00C04F79EFBC}") = "App1", "App1\App1.csproj", "{B5BD8CA1-7835-460F-9A58-E6A5AAE24425}"
EndProject
Global
	GlobalSection(SolutionConfigurationPlatforms) = preSolution
		Debug|ARM = Debug|ARM
		Debug|x64 = Debug|x64
		Debug|x86 = Debug|x86
		Release|ARM = Release|ARM
		Release|x64 = Release|x64
		Release|x86 = Release|x86
	EndGlobalSection
	GlobalSection(ProjectConfigurationPlatforms) = postSolution
		{B5BD8CA1-7835-460F-9A58-E6A5AAE24425}.Debug|ARM.ActiveCfg = Debug|ARM
		{B5BD8CA1-7835-460F-9A58-E6A5AAE24425}.Debug|ARM.Build.0 = Debug|ARM
		{B5BD8CA1-7835-460F-9A58-E6A5AAE24425}.Debug|ARM.Deploy.0 = Debug|ARM
		{B5BD8CA1-7835-460F-9A58-E6A5AAE24425}.Debug|x64.ActiveCfg = Debug|x64
		{B5BD8CA1-7835-460F-9A58-E6A5AAE24425}.Debug|x64.Build.0 = Debug|x64
		{B5BD8CA1-7835-460F-9A58-E6A5AAE24425}.Debug|x64.Deploy.0 = Debug|x64
		{B5BD8CA1-7835-460F-9A58-E6A5AAE24425}.Debug|x86.ActiveCfg = Debug|x86
		{B5BD8CA1-7835-460F-9A58-E6A5AAE24425}.Debug|x86.Build.0 = Debug|x86
		{B5BD8CA1-7835-460F-9A58-E6A5AAE24425}.Debug|x86.Deploy.0 = Debug|x86
		{B5BD8CA1-7835-460F-9A58-E6A5AAE24425}.Release|ARM.ActiveCfg = Release|ARM
		{B5BD8CA1-7835-460F-9A58-E6A5AAE24425}.Release|ARM.Build.0 = Release|ARM
		{B5BD8CA1-7835-460F-9A58-E6A5AAE24425}.Release|ARM.Deploy.0 = Release|ARM
		{B5BD8CA1-7835-460F-9A58-E6A5AAE24425}.Release|x64.ActiveCfg = Release|x64
		{B5BD8CA1-7835-460F-9A58-E6A5AAE24425}.Release|x64.Build.0 = Release|x64
		{B5BD8CA1-7835-460F-9A58-E6A5AAE24425}.Release|x64.Deploy.0 = Release|x64
		{B5BD8CA1-7835-460F-9A58-E6A5AAE24425}.Release|x86.ActiveCfg = Release|x86
		{B5BD8CA1-7835-460F-9A58-E6A5AAE24425}.Release|x86.Build.0 = Release|x86
		{B5BD8CA1-7835-460F-9A58-E6A5AAE24425}.Release|x86.Deploy.0 = Release|x86
	EndGlobalSection
	GlobalSection(SolutionProperties) = preSolution
		HideSolutionNode = FALSE
	EndGlobalSection
	GlobalSection(ExtensibilityGlobals) = postSolution
		SolutionGuid = {243AD581-6F1F-4961-99D9-BD43F753BB72}
	EndGlobalSection
EndGlobal
